
Microsoft Visual Studio Solution File, Format Version 12.00
# Visual Studio Version 17
VisualStudioVersion = 17.7.34024.191
MinimumVisualStudioVersion = 10.0.40219.1
Project("{9092AA53-FB77-4645-B42D-1CCCA6BD08BD}") = "test", "test\test.njsproj", "{CE045A13-2194-4C9C-A422-49AD354A8BE5}"
EndProject
Global
	GlobalSection(SolutionConfigurationPlatforms) = preSolution
		Debug|Any CPU = Debug|Any CPU
		Release|Any CPU = Release|Any CPU
	EndGlobalSection
	GlobalSection(ProjectConfigurationPlatforms) = postSolution
		{CE045A13-2194-4C9C-A422-49AD354A8BE5}.Debug|Any CPU.ActiveCfg = Debug|Any CPU
		{CE045A13-2194-4C9C-A422-49AD354A8BE5}.Debug|Any CPU.Build.0 = Debug|Any CPU
		{CE045A13-2194-4C9C-A422-49AD354A8BE5}.Release|Any CPU.ActiveCfg = Release|Any CPU
		{CE045A13-2194-4C9C-A422-49AD354A8BE5}.Release|Any CPU.Build.0 = Release|Any CPU
	EndGlobalSection
	GlobalSection(SolutionProperties) = preSolution
		HideSolutionNode = FALSE
	EndGlobalSection
	GlobalSection(ExtensibilityGlobals) = postSolution
		SolutionGuid = {38606C7A-7191-46AF-B9EB-79374FBCF0AA}
	EndGlobalSection
EndGlobal
